
Microsoft Visual Studio Solution File, Format Version 12.00
# Visual Studio Version 17
VisualStudioVersion = 17.5.002.0
MinimumVisualStudioVersion = 10.0.40219.1
Project("{9A19103F-16F7-4668-BE54-9A1E7A4F7556}") = "WeatherApi", "WeatherApi.csproj", "{3804FD16-1FC5-41C5-9A8E-C8096BF18944}"
EndProject
Global
	GlobalSection(SolutionConfigurationPlatforms) = preSolution
		Debug|Any CPU = Debug|Any CPU
		Release|Any CPU = Release|Any CPU
	EndGlobalSection
	GlobalSection(ProjectConfigurationPlatforms) = postSolution
		{3804FD16-1FC5-41C5-9A8E-C8096BF18944}.Debug|Any CPU.ActiveCfg = Debug|Any CPU
		{3804FD16-1FC5-41C5-9A8E-C8096BF18944}.Debug|Any CPU.Build.0 = Debug|Any CPU
		{3804FD16-1FC5-41C5-9A8E-C8096BF18944}.Release|Any CPU.ActiveCfg = Release|Any CPU
		{3804FD16-1FC5-41C5-9A8E-C8096BF18944}.Release|Any CPU.Build.0 = Release|Any CPU
	EndGlobalSection
	GlobalSection(SolutionProperties) = preSolution
		HideSolutionNode = FALSE
	EndGlobalSection
	GlobalSection(ExtensibilityGlobals) = postSolution
		SolutionGuid = {43155270-1600-417C-8FA1-3CEE16D7EA83}
	EndGlobalSection
EndGlobal
